
Microsoft Visual Studio Solution File, Format Version 12.00
# Visual Studio Version 16
VisualStudioVersion = 16.0.29123.89
MinimumVisualStudioVersion = 10.0.40219.1
Project("{FAE04EC0-301F-11D3-BF4B-00C04F79EFBC}") = "BieProduccion", "BieProduccion\BieProduccion\BieProduccion.csproj", "{476573FC-C554-4E8D-82AE-56432C2CD985}"
EndProject
Project("{FAE04EC0-301F-11D3-BF4B-00C04F79EFBC}") = "BieProduccion.Android", "BieProduccion\BieProduccion.Android\BieProduccion.Android.csproj", "{1BA8966F-5BA1-4227-AF6B-E937BA2199E5}"
EndProject
Project("{FAE04EC0-301F-11D3-BF4B-00C04F79EFBC}") = "BieProduccion.iOS", "BieProduccion\BieProduccion.iOS\BieProduccion.iOS.csproj", "{40F08EF8-7401-4867-BF8C-81D813E450DF}"
EndProject
Project("{FAE04EC0-301F-11D3-BF4B-00C04F79EFBC}") = "BieProduccion.UWP", "BieProduccion\BieProduccion.UWP\BieProduccion.UWP.csproj", "{C9520DF1-05E4-4CDF-B40F-24E032EF6745}"
EndProject
Global
	GlobalSection(SolutionConfigurationPlatforms) = preSolution
		Ad-Hoc|Any CPU = Ad-Hoc|Any CPU
		Ad-Hoc|ARM = Ad-Hoc|ARM
		Ad-Hoc|iPhone = Ad-Hoc|iPhone
		Ad-Hoc|iPhoneSimulator = Ad-Hoc|iPhoneSimulator
		Ad-Hoc|x64 = Ad-Hoc|x64
		Ad-Hoc|x86 = Ad-Hoc|x86
		AppStore|Any CPU = AppStore|Any CPU
		AppStore|ARM = AppStore|ARM
		AppStore|iPhone = AppStore|iPhone
		AppStore|iPhoneSimulator = AppStore|iPhoneSimulator
		AppStore|x64 = AppStore|x64
		AppStore|x86 = AppStore|x86
		Debug|Any CPU = Debug|Any CPU
		Debug|ARM = Debug|ARM
		Debug|iPhone = Debug|iPhone
		Debug|iPhoneSimulator = Debug|iPhoneSimulator
		Debug|x64 = Debug|x64
		Debug|x86 = Debug|x86
		Release|Any CPU = Release|Any CPU
		Release|ARM = Release|ARM
		Release|iPhone = Release|iPhone
		Release|iPhoneSimulator = Release|iPhoneSimulator
		Release|x64 = Release|x64
		Release|x86 = Release|x86
	EndGlobalSection
	GlobalSection(ProjectConfigurationPlatforms) = postSolution
		{476573FC-C554-4E8D-82AE-56432C2CD985}.Ad-Hoc|Any CPU.ActiveCfg = Debug|Any CPU
		{476573FC-C554-4E8D-82AE-56432C2CD985}.Ad-Hoc|Any CPU.Build.0 = Debug|Any CPU
		{476573FC-C554-4E8D-82AE-56432C2CD985}.Ad-Hoc|ARM.ActiveCfg = Debug|Any CPU
		{476573FC-C554-4E8D-82AE-56432C2CD985}.Ad-Hoc|ARM.Build.0 = Debug|Any CPU
		{476573FC-C554-4E8D-82AE-56432C2CD985}.Ad-Hoc|iPhone.ActiveCfg = Debug|Any CPU
		{476573FC-C554-4E8D-82AE-56432C2CD985}.Ad-Hoc|iPhone.Build.0 = Debug|Any CPU
		{476573FC-C554-4E8D-82AE-56432C2CD985}.Ad-Hoc|iPhoneSimulator.ActiveCfg = Debug|Any CPU
		{476573FC-C554-4E8D-82AE-56432C2CD985}.Ad-Hoc|iPhoneSimulator.Build.0 = Debug|Any CPU
		{476573FC-C554-4E8D-82AE-56432C2CD985}.Ad-Hoc|x64.ActiveCfg = Debug|Any CPU
		{476573FC-C554-4E8D-82AE-56432C2CD985}.Ad-Hoc|x64.Build.0 = Debug|Any CPU
		{476573FC-C554-4E8D-82AE-56432C2CD985}.Ad-Hoc|x86.ActiveCfg = Debug|Any CPU
		{476573FC-C554-4E8D-82AE-56432C2CD985}.Ad-Hoc|x86.Build.0 = Debug|Any CPU
		{476573FC-C554-4E8D-82AE-56432C2CD985}.AppStore|Any CPU.ActiveCfg = Debug|Any CPU
		{476573FC-C554-4E8D-82AE-56432C2CD985}.AppStore|Any CPU.Build.0 = Debug|Any CPU
		{476573FC-C554-4E8D-82AE-56432C2CD985}.AppStore|ARM.ActiveCfg = Debug|Any CPU
		{476573FC-C554-4E8D-82AE-56432C2CD985}.AppStore|ARM.Build.0 = Debug|Any CPU
		{476573FC-C554-4E8D-82AE-56432C2CD985}.AppStore|iPhone.ActiveCfg = Debug|Any CPU
		{476573FC-C554-4E8D-82AE-56432C2CD985}.AppStore|iPhone.Build.0 = Debug|Any CPU
		{476573FC-C554-4E8D-82AE-56432C2CD985}.AppStore|iPhoneSimulator.ActiveCfg = Debug|Any CPU
		{476573FC-C554-4E8D-82AE-56432C2CD985}.AppStore|iPhoneSimulator.Build.0 = Debug|Any CPU
		{476573FC-C554-4E8D-82AE-56432C2CD985}.AppStore|x64.ActiveCfg = Debug|Any CPU
		{476573FC-C554-4E8D-82AE-56432C2CD985}.AppStore|x64.Build.0 = Debug|Any CPU
		{476573FC-C554-4E8D-82AE-56432C2CD985}.AppStore|x86.ActiveCfg = Debug|Any CPU
		{476573FC-C554-4E8D-82AE-56432C2CD985}.AppStore|x86.Build.0 = Debug|Any CPU
		{476573FC-C554-4E8D-82AE-56432C2CD985}.Debug|Any CPU.ActiveCfg = Debug|Any CPU
		{476573FC-C554-4E8D-82AE-56432C2CD985}.Debug|Any CPU.Build.0 = Debug|Any CPU
		{476573FC-C554-4E8D-82AE-56432C2CD985}.Debug|ARM.ActiveCfg = Debug|Any CPU
		{476573FC-C554-4E8D-82AE-56432C2CD985}.Debug|ARM.Build.0 = Debug|Any CPU
		{476573FC-C554-4E8D-82AE-56432C2CD985}.Debug|iPhone.ActiveCfg = Debug|Any CPU
		{476573FC-C554-4E8D-82AE-56432C2CD985}.Debug|iPhone.Build.0 = Debug|Any CPU
		{476573FC-C554-4E8D-82AE-56432C2CD985}.Debug|iPhoneSimulator.ActiveCfg = Debug|Any CPU
		{476573FC-C554-4E8D-82AE-56432C2CD985}.Debug|iPhoneSimulator.Build.0 = Debug|Any CPU
		{476573FC-C554-4E8D-82AE-56432C2CD985}.Debug|x64.ActiveCfg = Debug|Any CPU
		{476573FC-C554-4E8D-82AE-56432C2CD985}.Debug|x64.Build.0 = Debug|Any CPU
		{476573FC-C554-4E8D-82AE-56432C2CD985}.Debug|x86.ActiveCfg = Debug|Any CPU
		{476573FC-C554-4E8D-82AE-56432C2CD985}.Debug|x86.Build.0 = Debug|Any CPU
		{476573FC-C554-4E8D-82AE-56432C2CD985}.Release|Any CPU.ActiveCfg = Release|Any CPU
		{476573FC-C554-4E8D-82AE-56432C2CD985}.Release|Any CPU.Build.0 = Release|Any CPU
		{476573FC-C554-4E8D-82AE-56432C2CD985}.Release|ARM.ActiveCfg = Release|Any CPU
		{476573FC-C554-4E8D-82AE-56432C2CD985}.Release|ARM.Build.0 = Release|Any CPU
		{476573FC-C554-4E8D-82AE-56432C2CD985}.Release|iPhone.ActiveCfg = Release|Any CPU
		{476573FC-C554-4E8D-82AE-56432C2CD985}.Release|iPhone.Build.0 = Release|Any CPU
		{476573FC-C554-4E8D-82AE-56432C2CD985}.Release|iPhoneSimulator.ActiveCfg = Release|Any CPU
		{476573FC-C554-4E8D-82AE-56432C2CD985}.Release|iPhoneSimulator.Build.0 = Release|Any CPU
		{476573FC-C554-4E8D-82AE-56432C2CD985}.Release|x64.ActiveCfg = Release|Any CPU
		{476573FC-C554-4E8D-82AE-56432C2CD985}.Release|x64.Build.0 = Release|Any CPU
		{476573FC-C554-4E8D-82AE-56432C2CD985}.Release|x86.ActiveCfg = Release|Any CPU
		{476573FC-C554-4E8D-82AE-56432C2CD985}.Release|x86.Build.0 = Release|Any CPU
		{1BA8966F-5BA1-4227-AF6B-E937BA2199E5}.Ad-Hoc|Any CPU.ActiveCfg = Release|Any CPU
		{1BA8966F-5BA1-4227-AF6B-E937BA2199E5}.Ad-Hoc|Any CPU.Build.0 = Release|Any CPU
		{1BA8966F-5BA1-4227-AF6B-E937BA2199E5}.Ad-Hoc|Any CPU.Deploy.0 = Release|Any CPU
		{1BA8966F-5BA1-4227-AF6B-E937BA2199E5}.Ad-Hoc|ARM.ActiveCfg = Release|Any CPU
		{1BA8966F-5BA1-4227-AF6B-E937BA2199E5}.Ad-Hoc|ARM.Build.0 = Release|Any CPU
		{1BA8966F-5BA1-4227-AF6B-E937BA2199E5}.Ad-Hoc|ARM.Deploy.0 = Release|Any CPU
		{1BA8966F-5BA1-4227-AF6B-E937BA2199E5}.Ad-Hoc|iPhone.ActiveCfg = Release|Any CPU
		{1BA8966F-5BA1-4227-AF6B-E937BA2199E5}.Ad-Hoc|iPhone.Build.0 = Release|Any CPU
		{1BA8966F-5BA1-4227-AF6B-E937BA2199E5}.Ad-Hoc|iPhone.Deploy.0 = Release|Any CPU
		{1BA8966F-5BA1-4227-AF6B-E937BA2199E5}.Ad-Hoc|iPhoneSimulator.ActiveCfg = Release|Any CPU
		{1BA8966F-5BA1-4227-AF6B-E937BA2199E5}.Ad-Hoc|iPhoneSimulator.Build.0 = Release|Any CPU
		{1BA8966F-5BA1-4227-AF6B-E937BA2199E5}.Ad-Hoc|iPhoneSimulator.Deploy.0 = Release|Any CPU
		{1BA8966F-5BA1-4227-AF6B-E937BA2199E5}.Ad-Hoc|x64.ActiveCfg = Release|Any CPU
		{1BA8966F-5BA1-4227-AF6B-E937BA2199E5}.Ad-Hoc|x64.Build.0 = Release|Any CPU
		{1BA8966F-5BA1-4227-AF6B-E937BA2199E5}.Ad-Hoc|x64.Deploy.0 = Release|Any CPU
		{1BA8966F-5BA1-4227-AF6B-E937BA2199E5}.Ad-Hoc|x86.ActiveCfg = Release|Any CPU
		{1BA8966F-5BA1-4227-AF6B-E937BA2199E5}.Ad-Hoc|x86.Build.0 = Release|Any CPU
		{1BA8966F-5BA1-4227-AF6B-E937BA2199E5}.Ad-Hoc|x86.Deploy.0 = Release|Any CPU
		{1BA8966F-5BA1-4227-AF6B-E937BA2199E5}.AppStore|Any CPU.ActiveCfg = Release|Any CPU
		{1BA8966F-5BA1-4227-AF6B-E937BA2199E5}.AppStore|Any CPU.Build.0 = Release|Any CPU
		{1BA8966F-5BA1-4227-AF6B-E937BA2199E5}.AppStore|Any CPU.Deploy.0 = Release|Any CPU
		{1BA8966F-5BA1-4227-AF6B-E937BA2199E5}.AppStore|ARM.ActiveCfg = Release|Any CPU
		{1BA8966F-5BA1-4227-AF6B-E937BA2199E5}.AppStore|ARM.Build.0 = Release|Any CPU
		{1BA8966F-5BA1-4227-AF6B-E937BA2199E5}.AppStore|ARM.Deploy.0 = Release|Any CPU
		{1BA8966F-5BA1-4227-AF6B-E937BA2199E5}.AppStore|iPhone.ActiveCfg = Release|Any CPU
		{1BA8966F-5BA1-4227-AF6B-E937BA2199E5}.AppStore|iPhone.Build.0 = Release|Any CPU
		{1BA8966F-5BA1-4227-AF6B-E937BA2199E5}.AppStore|iPhone.Deploy.0 = Release|Any CPU
		{1BA8966F-5BA1-4227-AF6B-E937BA2199E5}.AppStore|iPhoneSimulator.ActiveCfg = Release|Any CPU
		{1BA8966F-5BA1-4227-AF6B-E937BA2199E5}.AppStore|iPhoneSimulator.Build.0 = Release|Any CPU
		{1BA8966F-5BA1-4227-AF6B-E937BA2199E5}.AppStore|iPhoneSimulator.Deploy.0 = Release|Any CPU
		{1BA8966F-5BA1-4227-AF6B-E937BA2199E5}.AppStore|x64.ActiveCfg = Release|Any CPU
		{1BA8966F-5BA1-4227-AF6B-E937BA2199E5}.AppStore|x64.Build.0 = Release|Any CPU
		{1BA8966F-5BA1-4227-AF6B-E937BA2199E5}.AppStore|x64.Deploy.0 = Release|Any CPU
		{1BA8966F-5BA1-4227-AF6B-E937BA2199E5}.AppStore|x86.ActiveCfg = Release|Any CPU
		{1BA8966F-5BA1-4227-AF6B-E937BA2199E5}.AppStore|x86.Build.0 = Release|Any CPU
		{1BA8966F-5BA1-4227-AF6B-E937BA2199E5}.AppStore|x86.Deploy.0 = Release|Any CPU
		{1BA8966F-5BA1-4227-AF6B-E937BA2199E5}.Debug|Any CPU.ActiveCfg = Debug|Any CPU
		{1BA8966F-5BA1-4227-AF6B-E937BA2199E5}.Debug|Any CPU.Build.0 = Debug|Any CPU
		{1BA8966F-5BA1-4227-AF6B-E937BA2199E5}.Debug|Any CPU.Deploy.0 = Debug|Any CPU
		{1BA8966F-5BA1-4227-AF6B-E937BA2199E5}.Debug|ARM.ActiveCfg = Debug|Any CPU
		{1BA8966F-5BA1-4227-AF6B-E937BA2199E5}.Debug|ARM.Build.0 = Debug|Any CPU
		{1BA8966F-5BA1-4227-AF6B-E937BA2199E5}.Debug|ARM.Deploy.0 = Debug|Any CPU
		{1BA8966F-5BA1-4227-AF6B-E937BA2199E5}.Debug|iPhone.ActiveCfg = Debug|Any CPU
		{1BA8966F-5BA1-4227-AF6B-E937BA2199E5}.Debug|iPhone.Build.0 = Debug|Any CPU
		{1BA8966F-5BA1-4227-AF6B-E937BA2199E5}.Debug|iPhone.Deploy.0 = Debug|Any CPU
		{1BA8966F-5BA1-4227-AF6B-E937BA2199E5}.Debug|iPhoneSimulator.ActiveCfg = Debug|Any CPU
		{1BA8966F-5BA1-4227-AF6B-E937BA2199E5}.Debug|iPhoneSimulator.Build.0 = Debug|Any CPU
		{1BA8966F-5BA1-4227-AF6B-E937BA2199E5}.Debug|iPhoneSimulator.Deploy.0 = Debug|Any CPU
		{1BA8966F-5BA1-4227-AF6B-E937BA2199E5}.Debug|x64.ActiveCfg = Debug|Any CPU
		{1BA8966F-5BA1-4227-AF6B-E937BA2199E5}.Debug|x64.Build.0 = Debug|Any CPU
		{1BA8966F-5BA1-4227-AF6B-E937BA2199E5}.Debug|x64.Deploy.0 = Debug|Any CPU
		{1BA8966F-5BA1-4227-AF6B-E937BA2199E5}.Debug|x86.ActiveCfg = Debug|Any CPU
		{1BA8966F-5BA1-4227-AF6B-E937BA2199E5}.Debug|x86.Build.0 = Debug|Any CPU
		{1BA8966F-5BA1-4227-AF6B-E937BA2199E5}.Debug|x86.Deploy.0 = Debug|Any CPU
		{1BA8966F-5BA1-4227-AF6B-E937BA2199E5}.Release|Any CPU.ActiveCfg = Release|Any CPU
		{1BA8966F-5BA1-4227-AF6B-E937BA2199E5}.Release|Any CPU.Build.0 = Release|Any CPU
		{1BA8966F-5BA1-4227-AF6B-E937BA2199E5}.Release|Any CPU.Deploy.0 = Release|Any CPU
		{1BA8966F-5BA1-4227-AF6B-E937BA2199E5}.Release|ARM.ActiveCfg = Release|Any CPU
		{1BA8966F-5BA1-4227-AF6B-E937BA2199E5}.Release|ARM.Build.0 = Release|Any CPU
		{1BA8966F-5BA1-4227-AF6B-E937BA2199E5}.Release|ARM.Deploy.0 = Release|Any CPU
		{1BA8966F-5BA1-4227-AF6B-E937BA2199E5}.Release|iPhone.ActiveCfg = Release|Any CPU
		{1BA8966F-5BA1-4227-AF6B-E937BA2199E5}.Release|iPhone.Build.0 = Release|Any CPU
		{1BA8966F-5BA1-4227-AF6B-E937BA2199E5}.Release|iPhone.Deploy.0 = Release|Any CPU
		{1BA8966F-5BA1-4227-AF6B-E937BA2199E5}.Release|iPhoneSimulator.ActiveCfg = Release|Any CPU
		{1BA8966F-5BA1-4227-AF6B-E937BA2199E5}.Release|iPhoneSimulator.Build.0 = Release|Any CPU
		{1BA8966F-5BA1-4227-AF6B-E937BA2199E5}.Release|iPhoneSimulator.Deploy.0 = Release|Any CPU
		{1BA8966F-5BA1-4227-AF6B-E937BA2199E5}.Release|x64.ActiveCfg = Release|Any CPU
		{1BA8966F-5BA1-4227-AF6B-E937BA2199E5}.Release|x64.Build.0 = Release|Any CPU
		{1BA8966F-5BA1-4227-AF6B-E937BA2199E5}.Release|x64.Deploy.0 = Release|Any CPU
		{1BA8966F-5BA1-4227-AF6B-E937BA2199E5}.Release|x86.ActiveCfg = Release|Any CPU
		{1BA8966F-5BA1-4227-AF6B-E937BA2199E5}.Release|x86.Build.0 = Release|Any CPU
		{1BA8966F-5BA1-4227-AF6B-E937BA2199E5}.Release|x86.Deploy.0 = Release|Any CPU
		{40F08EF8-7401-4867-BF8C-81D813E450DF}.Ad-Hoc|Any CPU.ActiveCfg = Ad-Hoc|iPhone
		{40F08EF8-7401-4867-BF8C-81D813E450DF}.Ad-Hoc|ARM.ActiveCfg = Ad-Hoc|iPhone
		{40F08EF8-7401-4867-BF8C-81D813E450DF}.Ad-Hoc|iPhone.ActiveCfg = Ad-Hoc|iPhone
		{40F08EF8-7401-4867-BF8C-81D813E450DF}.Ad-Hoc|iPhone.Build.0 = Ad-Hoc|iPhone
		{40F08EF8-7401-4867-BF8C-81D813E450DF}.Ad-Hoc|iPhoneSimulator.ActiveCfg = Ad-Hoc|iPhoneSimulator
		{40F08EF8-7401-4867-BF8C-81D813E450DF}.Ad-Hoc|iPhoneSimulator.Build.0 = Ad-Hoc|iPhoneSimulator
		{40F08EF8-7401-4867-BF8C-81D813E450DF}.Ad-Hoc|x64.ActiveCfg = Ad-Hoc|iPhone
		{40F08EF8-7401-4867-BF8C-81D813E450DF}.Ad-Hoc|x86.ActiveCfg = Ad-Hoc|iPhone
		{40F08EF8-7401-4867-BF8C-81D813E450DF}.AppStore|Any CPU.ActiveCfg = AppStore|iPhone
		{40F08EF8-7401-4867-BF8C-81D813E450DF}.AppStore|ARM.ActiveCfg = AppStore|iPhone
		{40F08EF8-7401-4867-BF8C-81D813E450DF}.AppStore|iPhone.ActiveCfg = AppStore|iPhone
		{40F08EF8-7401-4867-BF8C-81D813E450DF}.AppStore|iPhone.Build.0 = AppStore|iPhone
		{40F08EF8-7401-4867-BF8C-81D813E450DF}.AppStore|iPhoneSimulator.ActiveCfg = AppStore|iPhoneSimulator
		{40F08EF8-7401-4867-BF8C-81D813E450DF}.AppStore|iPhoneSimulator.Build.0 = AppStore|iPhoneSimulator
		{40F08EF8-7401-4867-BF8C-81D813E450DF}.AppStore|x64.ActiveCfg = AppStore|iPhone
		{40F08EF8-7401-4867-BF8C-81D813E450DF}.AppStore|x86.ActiveCfg = AppStore|iPhone
		{40F08EF8-7401-4867-BF8C-81D813E450DF}.Debug|Any CPU.ActiveCfg = Debug|iPhone
		{40F08EF8-7401-4867-BF8C-81D813E450DF}.Debug|ARM.ActiveCfg = Debug|iPhone
		{40F08EF8-7401-4867-BF8C-81D813E450DF}.Debug|iPhone.ActiveCfg = Debug|iPhone
		{40F08EF8-7401-4867-BF8C-81D813E450DF}.Debug|iPhone.Build.0 = Debug|iPhone
		{40F08EF8-7401-4867-BF8C-81D813E450DF}.Debug|iPhoneSimulator.ActiveCfg = Debug|iPhoneSimulator
		{40F08EF8-7401-4867-BF8C-81D813E450DF}.Debug|iPhoneSimulator.Build.0 = Debug|iPhoneSimulator
		{40F08EF8-7401-4867-BF8C-81D813E450DF}.Debug|x64.ActiveCfg = Debug|iPhone
		{40F08EF8-7401-4867-BF8C-81D813E450DF}.Debug|x86.ActiveCfg = Debug|iPhone
		{40F08EF8-7401-4867-BF8C-81D813E450DF}.Release|Any CPU.ActiveCfg = Release|iPhone
		{40F08EF8-7401-4867-BF8C-81D813E450DF}.Release|ARM.ActiveCfg = Release|iPhone
		{40F08EF8-7401-4867-BF8C-81D813E450DF}.Release|iPhone.ActiveCfg = Release|iPhone
		{40F08EF8-7401-4867-BF8C-81D813E450DF}.Release|iPhone.Build.0 = Release|iPhone
		{40F08EF8-7401-4867-BF8C-81D813E450DF}.Release|iPhoneSimulator.ActiveCfg = Release|iPhoneSimulator
		{40F08EF8-7401-4867-BF8C-81D813E450DF}.Release|iPhoneSimulator.Build.0 = Release|iPhoneSimulator
		{40F08EF8-7401-4867-BF8C-81D813E450DF}.Release|x64.ActiveCfg = Release|iPhone
		{40F08EF8-7401-4867-BF8C-81D813E450DF}.Release|x86.ActiveCfg = Release|iPhone
		{C9520DF1-05E4-4CDF-B40F-24E032EF6745}.Ad-Hoc|Any CPU.ActiveCfg = Release|x86
		{C9520DF1-05E4-4CDF-B40F-24E032EF6745}.Ad-Hoc|Any CPU.Build.0 = Release|x86
		{C9520DF1-05E4-4CDF-B40F-24E032EF6745}.Ad-Hoc|Any CPU.Deploy.0 = Release|x86
		{C9520DF1-05E4-4CDF-B40F-24E032EF6745}.Ad-Hoc|ARM.ActiveCfg = Release|ARM
		{C9520DF1-05E4-4CDF-B40F-24E032EF6745}.Ad-Hoc|ARM.Build.0 = Release|ARM
		{C9520DF1-05E4-4CDF-B40F-24E032EF6745}.Ad-Hoc|ARM.Deploy.0 = Release|ARM
		{C9520DF1-05E4-4CDF-B40F-24E032EF6745}.Ad-Hoc|iPhone.ActiveCfg = Release|x86
		{C9520DF1-05E4-4CDF-B40F-24E032EF6745}.Ad-Hoc|iPhone.Build.0 = Release|x86
		{C9520DF1-05E4-4CDF-B40F-24E032EF6745}.Ad-Hoc|iPhone.Deploy.0 = Release|x86
		{C9520DF1-05E4-4CDF-B40F-24E032EF6745}.Ad-Hoc|iPhoneSimulator.ActiveCfg = Release|x86
		{C9520DF1-05E4-4CDF-B40F-24E032EF6745}.Ad-Hoc|iPhoneSimulator.Build.0 = Release|x86
		{C9520DF1-05E4-4CDF-B40F-24E032EF6745}.Ad-Hoc|iPhoneSimulator.Deploy.0 = Release|x86
		{C9520DF1-05E4-4CDF-B40F-24E032EF6745}.Ad-Hoc|x64.ActiveCfg = Release|x64
		{C9520DF1-05E4-4CDF-B40F-24E032EF6745}.Ad-Hoc|x64.Build.0 = Release|x64
		{C9520DF1-05E4-4CDF-B40F-24E032EF6745}.Ad-Hoc|x64.Deploy.0 = Release|x64
		{C9520DF1-05E4-4CDF-B40F-24E032EF6745}.Ad-Hoc|x86.ActiveCfg = Release|x86
		{C9520DF1-05E4-4CDF-B40F-24E032EF6745}.Ad-Hoc|x86.Build.0 = Release|x86
		{C9520DF1-05E4-4CDF-B40F-24E032EF6745}.Ad-Hoc|x86.Deploy.0 = Release|x86
		{C9520DF1-05E4-4CDF-B40F-24E032EF6745}.AppStore|Any CPU.ActiveCfg = Release|x86
		{C9520DF1-05E4-4CDF-B40F-24E032EF6745}.AppStore|Any CPU.Build.0 = Release|x86
		{C9520DF1-05E4-4CDF-B40F-24E032EF6745}.AppStore|Any CPU.Deploy.0 = Release|x86
		{C9520DF1-05E4-4CDF-B40F-24E032EF6745}.AppStore|ARM.ActiveCfg = Release|ARM
		{C9520DF1-05E4-4CDF-B40F-24E032EF6745}.AppStore|ARM.Build.0 = Release|ARM
		{C9520DF1-05E4-4CDF-B40F-24E032EF6745}.AppStore|ARM.Deploy.0 = Release|ARM
		{C9520DF1-05E4-4CDF-B40F-24E032EF6745}.AppStore|iPhone.ActiveCfg = Release|x86
		{C9520DF1-05E4-4CDF-B40F-24E032EF6745}.AppStore|iPhone.Build.0 = Release|x86
		{C9520DF1-05E4-4CDF-B40F-24E032EF6745}.AppStore|iPhone.Deploy.0 = Release|x86
		{C9520DF1-05E4-4CDF-B40F-24E032EF6745}.AppStore|iPhoneSimulator.ActiveCfg = Release|x86
		{C9520DF1-05E4-4CDF-B40F-24E032EF6745}.AppStore|iPhoneSimulator.Build.0 = Release|x86
		{C9520DF1-05E4-4CDF-B40F-24E032EF6745}.AppStore|iPhoneSimulator.Deploy.0 = Release|x86
		{C9520DF1-05E4-4CDF-B40F-24E032EF6745}.AppStore|x64.ActiveCfg = Release|x64
		{C9520DF1-05E4-4CDF-B40F-24E032EF6745}.AppStore|x64.Build.0 = Release|x64
		{C9520DF1-05E4-4CDF-B40F-24E032EF6745}.AppStore|x64.Deploy.0 = Release|x64
		{C9520DF1-05E4-4CDF-B40F-24E032EF6745}.AppStore|x86.ActiveCfg = Release|x86
		{C9520DF1-05E4-4CDF-B40F-24E032EF6745}.AppStore|x86.Build.0 = Release|x86
		{C9520DF1-05E4-4CDF-B40F-24E032EF6745}.AppStore|x86.Deploy.0 = Release|x86
		{C9520DF1-05E4-4CDF-B40F-24E032EF6745}.Debug|Any CPU.ActiveCfg = Debug|x86
		{C9520DF1-05E4-4CDF-B40F-24E032EF6745}.Debug|ARM.ActiveCfg = Debug|ARM
		{C9520DF1-05E4-4CDF-B40F-24E032EF6745}.Debug|ARM.Build.0 = Debug|ARM
		{C9520DF1-05E4-4CDF-B40F-24E032EF6745}.Debug|ARM.Deploy.0 = Debug|ARM
		{C9520DF1-05E4-4CDF-B40F-24E032EF6745}.Debug|iPhone.ActiveCfg = Debug|x86
		{C9520DF1-05E4-4CDF-B40F-24E032EF6745}.Debug|iPhoneSimulator.ActiveCfg = Debug|x86
		{C9520DF1-05E4-4CDF-B40F-24E032EF6745}.Debug|x64.ActiveCfg = Debug|x64
		{C9520DF1-05E4-4CDF-B40F-24E032EF6745}.Debug|x64.Build.0 = Debug|x64
		{C9520DF1-05E4-4CDF-B40F-24E032EF6745}.Debug|x64.Deploy.0 = Debug|x64
		{C9520DF1-05E4-4CDF-B40F-24E032EF6745}.Debug|x86.ActiveCfg = Debug|x86
		{C9520DF1-05E4-4CDF-B40F-24E032EF6745}.Debug|x86.Build.0 = Debug|x86
		{C9520DF1-05E4-4CDF-B40F-24E032EF6745}.Debug|x86.Deploy.0 = Debug|x86
		{C9520DF1-05E4-4CDF-B40F-24E032EF6745}.Release|Any CPU.ActiveCfg = Release|x86
		{C9520DF1-05E4-4CDF-B40F-24E032EF6745}.Release|ARM.ActiveCfg = Release|ARM
		{C9520DF1-05E4-4CDF-B40F-24E032EF6745}.Release|ARM.Build.0 = Release|ARM
		{C9520DF1-05E4-4CDF-B40F-24E032EF6745}.Release|ARM.Deploy.0 = Release|ARM
		{C9520DF1-05E4-4CDF-B40F-24E032EF6745}.Release|iPhone.ActiveCfg = Release|x86
		{C9520DF1-05E4-4CDF-B40F-24E032EF6745}.Release|iPhoneSimulator.ActiveCfg = Release|x86
		{C9520DF1-05E4-4CDF-B40F-24E032EF6745}.Release|x64.ActiveCfg = Release|x64
		{C9520DF1-05E4-4CDF-B40F-24E032EF6745}.Release|x64.Build.0 = Release|x64
		{C9520DF1-05E4-4CDF-B40F-24E032EF6745}.Release|x64.Deploy.0 = Release|x64
		{C9520DF1-05E4-4CDF-B40F-24E032EF6745}.Release|x86.ActiveCfg = Release|x86
		{C9520DF1-05E4-4CDF-B40F-24E032EF6745}.Release|x86.Build.0 = Release|x86
		{C9520DF1-05E4-4CDF-B40F-24E032EF6745}.Release|x86.Deploy.0 = Release|x86
	EndGlobalSection
	GlobalSection(SolutionProperties) = preSolution
		HideSolutionNode = FALSE
	EndGlobalSection
	GlobalSection(ExtensibilityGlobals) = postSolution
		SolutionGuid = {94A1DD9B-8433-44F0-ADF2-4E78E7E280AD}
	EndGlobalSection
EndGlobal
